
Microsoft Visual Studio Solution File, Format Version 12.00
# Visual Studio Version 17
VisualStudioVersion = 17.8.34511.84
MinimumVisualStudioVersion = 10.0.40219.1
Project("{FAE04EC0-301F-11D3-BF4B-00C04F79EFBC}") = "Debug_Exercise", "Debug_Exercise.csproj", "{A7465C80-1A94-4898-8B39-AF543B6E039E}"
EndProject
Global
	GlobalSection(SolutionConfigurationPlatforms) = preSolution
		Debug|Any CPU = Debug|Any CPU
		Release|Any CPU = Release|Any CPU
	EndGlobalSection
	GlobalSection(ProjectConfigurationPlatforms) = postSolution
		{A7465C80-1A94-4898-8B39-AF543B6E039E}.Debug|Any CPU.ActiveCfg = Debug|Any CPU
		{A7465C80-1A94-4898-8B39-AF543B6E039E}.Debug|Any CPU.Build.0 = Debug|Any CPU
		{A7465C80-1A94-4898-8B39-AF543B6E039E}.Release|Any CPU.ActiveCfg = Release|Any CPU
		{A7465C80-1A94-4898-8B39-AF543B6E039E}.Release|Any CPU.Build.0 = Release|Any CPU
	EndGlobalSection
	GlobalSection(SolutionProperties) = preSolution
		HideSolutionNode = FALSE
	EndGlobalSection
	GlobalSection(ExtensibilityGlobals) = postSolution
		SolutionGuid = {E193DE0F-81AD-4CD1-A475-C66946B80BE2}
	EndGlobalSection
EndGlobal
